
Microsoft Visual Studio Solution File, Format Version 12.00
# Visual Studio Version 17
VisualStudioVersion = 17.6.33723.286
MinimumVisualStudioVersion = 10.0.40219.1
Project("{778DAE3C-4631-46EA-AA77-85C1314464D9}") = "HelloWorld", "HelloWorld.vbproj", "{A4A2A2AC-890C-4188-BE8C-4A7F54A065B7}"
EndProject
Global
	GlobalSection(SolutionConfigurationPlatforms) = preSolution
		Debug|Any CPU = Debug|Any CPU
		Release|Any CPU = Release|Any CPU
	EndGlobalSection
	GlobalSection(ProjectConfigurationPlatforms) = postSolution
		{A4A2A2AC-890C-4188-BE8C-4A7F54A065B7}.Debug|Any CPU.ActiveCfg = Debug|Any CPU
		{A4A2A2AC-890C-4188-BE8C-4A7F54A065B7}.Debug|Any CPU.Build.0 = Debug|Any CPU
		{A4A2A2AC-890C-4188-BE8C-4A7F54A065B7}.Release|Any CPU.ActiveCfg = Release|Any CPU
		{A4A2A2AC-890C-4188-BE8C-4A7F54A065B7}.Release|Any CPU.Build.0 = Release|Any CPU
	EndGlobalSection
	GlobalSection(SolutionProperties) = preSolution
		HideSolutionNode = FALSE
	EndGlobalSection
	GlobalSection(ExtensibilityGlobals) = postSolution
		SolutionGuid = {B7401B84-75A4-428B-BF2A-8D510F1FEE1F}
	EndGlobalSection
EndGlobal
