
Microsoft Visual Studio Solution File, Format Version 12.00
# Visual Studio Version 17
VisualStudioVersion = 17.6.33723.286
MinimumVisualStudioVersion = 10.0.40219.1
Project("{778DAE3C-4631-46EA-AA77-85C1314464D9}") = "CollatzConjecture", "CollatzConjecture.vbproj", "{66BF7134-A0EE-47B2-90B3-37F3D86D0846}"
EndProject
Global
	GlobalSection(SolutionConfigurationPlatforms) = preSolution
		Debug|Any CPU = Debug|Any CPU
		Release|Any CPU = Release|Any CPU
	EndGlobalSection
	GlobalSection(ProjectConfigurationPlatforms) = postSolution
		{66BF7134-A0EE-47B2-90B3-37F3D86D0846}.Debug|Any CPU.ActiveCfg = Debug|Any CPU
		{66BF7134-A0EE-47B2-90B3-37F3D86D0846}.Debug|Any CPU.Build.0 = Debug|Any CPU
		{66BF7134-A0EE-47B2-90B3-37F3D86D0846}.Release|Any CPU.ActiveCfg = Release|Any CPU
		{66BF7134-A0EE-47B2-90B3-37F3D86D0846}.Release|Any CPU.Build.0 = Release|Any CPU
	EndGlobalSection
	GlobalSection(SolutionProperties) = preSolution
		HideSolutionNode = FALSE
	EndGlobalSection
	GlobalSection(ExtensibilityGlobals) = postSolution
		SolutionGuid = {F8EB8DCC-47A2-4BD6-8BA3-8AE04984B30F}
	EndGlobalSection
EndGlobal
